
Microsoft Visual Studio Solution File, Format Version 12.00
# Visual Studio 2013
VisualStudioVersion = 12.0.21005.1
MinimumVisualStudioVersion = 10.0.40219.1
Project("{FAE04EC0-301F-11D3-BF4B-00C04F79EFBC}") = "Task-1", "Task-1\Task-1.csproj", "{F3CC5B43-304C-47EA-872B-D300F764683E}"
EndProject
Project("{FAE04EC0-301F-11D3-BF4B-00C04F79EFBC}") = "Task-2", "Task-2\Task-2.csproj", "{E4ABDC95-6DF2-4B17-B95F-154B6DFF9D08}"
EndProject
Project("{FAE04EC0-301F-11D3-BF4B-00C04F79EFBC}") = "Task-3", "Task-3\Task-3.csproj", "{984ACE3A-9045-4E2D-A205-4C561D4624DF}"
EndProject
Project("{FAE04EC0-301F-11D3-BF4B-00C04F79EFBC}") = "Task-4", "Task-4\Task-4.csproj", "{6139E00F-2DA1-44AA-AB49-0D62550F5648}"
EndProject
Project("{FAE04EC0-301F-11D3-BF4B-00C04F79EFBC}") = "Task-5", "Task-5\Task-5.csproj", "{5191A031-0EBC-4DFF-89A2-DB080AB2B027}"
EndProject
Project("{FAE04EC0-301F-11D3-BF4B-00C04F79EFBC}") = "Task-6", "Task-6\Task-6.csproj", "{E74DAB4C-9150-4058-9AE1-3E8E33CBC217}"
EndProject
Project("{FAE04EC0-301F-11D3-BF4B-00C04F79EFBC}") = "Task-7", "Task-7\Task-7.csproj", "{E47EB671-1808-423D-B999-1925EF470574}"
EndProject
Project("{FAE04EC0-301F-11D3-BF4B-00C04F79EFBC}") = "Task-8", "Task-8\Task-8.csproj", "{BB4A5B46-0CD1-43F3-8A74-FB0A94BF271A}"
EndProject
Project("{FAE04EC0-301F-11D3-BF4B-00C04F79EFBC}") = "Task-9", "Task-9\Task-9.csproj", "{00B76CDB-3568-4E03-B3E7-E2883B0FD202}"
EndProject
Project("{FAE04EC0-301F-11D3-BF4B-00C04F79EFBC}") = "Task-10", "Task-10\Task-10.csproj", "{C32EF7BB-7918-468A-8E2D-C18C9B58AA89}"
EndProject
Project("{FAE04EC0-301F-11D3-BF4B-00C04F79EFBC}") = "Task-11", "Task-11\Task-11.csproj", "{A6978BFA-894F-4188-AEED-E18BA21A31F5}"
EndProject
Project("{FAE04EC0-301F-11D3-BF4B-00C04F79EFBC}") = "Task-12", "Task-12\Task-12.csproj", "{B88D8C8D-7010-447E-870B-EF677BCD827E}"
EndProject
Project("{FAE04EC0-301F-11D3-BF4B-00C04F79EFBC}") = "Task-13", "Task-13\Task-13.csproj", "{62A73241-EFA5-41F1-B848-DA85242DD1A9}"
EndProject
Global
	GlobalSection(SolutionConfigurationPlatforms) = preSolution
		Debug|Any CPU = Debug|Any CPU
		Release|Any CPU = Release|Any CPU
	EndGlobalSection
	GlobalSection(ProjectConfigurationPlatforms) = postSolution
		{F3CC5B43-304C-47EA-872B-D300F764683E}.Debug|Any CPU.ActiveCfg = Debug|Any CPU
		{F3CC5B43-304C-47EA-872B-D300F764683E}.Debug|Any CPU.Build.0 = Debug|Any CPU
		{F3CC5B43-304C-47EA-872B-D300F764683E}.Release|Any CPU.ActiveCfg = Release|Any CPU
		{F3CC5B43-304C-47EA-872B-D300F764683E}.Release|Any CPU.Build.0 = Release|Any CPU
		{E4ABDC95-6DF2-4B17-B95F-154B6DFF9D08}.Debug|Any CPU.ActiveCfg = Debug|Any CPU
		{E4ABDC95-6DF2-4B17-B95F-154B6DFF9D08}.Debug|Any CPU.Build.0 = Debug|Any CPU
		{E4ABDC95-6DF2-4B17-B95F-154B6DFF9D08}.Release|Any CPU.ActiveCfg = Release|Any CPU
		{E4ABDC95-6DF2-4B17-B95F-154B6DFF9D08}.Release|Any CPU.Build.0 = Release|Any CPU
		{984ACE3A-9045-4E2D-A205-4C561D4624DF}.Debug|Any CPU.ActiveCfg = Debug|Any CPU
		{984ACE3A-9045-4E2D-A205-4C561D4624DF}.Debug|Any CPU.Build.0 = Debug|Any CPU
		{984ACE3A-9045-4E2D-A205-4C561D4624DF}.Release|Any CPU.ActiveCfg = Release|Any CPU
		{984ACE3A-9045-4E2D-A205-4C561D4624DF}.Release|Any CPU.Build.0 = Release|Any CPU
		{6139E00F-2DA1-44AA-AB49-0D62550F5648}.Debug|Any CPU.ActiveCfg = Debug|Any CPU
		{6139E00F-2DA1-44AA-AB49-0D62550F5648}.Debug|Any CPU.Build.0 = Debug|Any CPU
		{6139E00F-2DA1-44AA-AB49-0D62550F5648}.Release|Any CPU.ActiveCfg = Release|Any CPU
		{6139E00F-2DA1-44AA-AB49-0D62550F5648}.Release|Any CPU.Build.0 = Release|Any CPU
		{5191A031-0EBC-4DFF-89A2-DB080AB2B027}.Debug|Any CPU.ActiveCfg = Debug|Any CPU
		{5191A031-0EBC-4DFF-89A2-DB080AB2B027}.Debug|Any CPU.Build.0 = Debug|Any CPU
		{5191A031-0EBC-4DFF-89A2-DB080AB2B027}.Release|Any CPU.ActiveCfg = Release|Any CPU
		{5191A031-0EBC-4DFF-89A2-DB080AB2B027}.Release|Any CPU.Build.0 = Release|Any CPU
		{E74DAB4C-9150-4058-9AE1-3E8E33CBC217}.Debug|Any CPU.ActiveCfg = Debug|Any CPU
		{E74DAB4C-9150-4058-9AE1-3E8E33CBC217}.Debug|Any CPU.Build.0 = Debug|Any CPU
		{E74DAB4C-9150-4058-9AE1-3E8E33CBC217}.Release|Any CPU.ActiveCfg = Release|Any CPU
		{E74DAB4C-9150-4058-9AE1-3E8E33CBC217}.Release|Any CPU.Build.0 = Release|Any CPU
		{E47EB671-1808-423D-B999-1925EF470574}.Debug|Any CPU.ActiveCfg = Debug|Any CPU
		{E47EB671-1808-423D-B999-1925EF470574}.Debug|Any CPU.Build.0 = Debug|Any CPU
		{E47EB671-1808-423D-B999-1925EF470574}.Release|Any CPU.ActiveCfg = Release|Any CPU
		{E47EB671-1808-423D-B999-1925EF470574}.Release|Any CPU.Build.0 = Release|Any CPU
		{BB4A5B46-0CD1-43F3-8A74-FB0A94BF271A}.Debug|Any CPU.ActiveCfg = Debug|Any CPU
		{BB4A5B46-0CD1-43F3-8A74-FB0A94BF271A}.Debug|Any CPU.Build.0 = Debug|Any CPU
		{BB4A5B46-0CD1-43F3-8A74-FB0A94BF271A}.Release|Any CPU.ActiveCfg = Release|Any CPU
		{BB4A5B46-0CD1-43F3-8A74-FB0A94BF271A}.Release|Any CPU.Build.0 = Release|Any CPU
		{00B76CDB-3568-4E03-B3E7-E2883B0FD202}.Debug|Any CPU.ActiveCfg = Debug|Any CPU
		{00B76CDB-3568-4E03-B3E7-E2883B0FD202}.Debug|Any CPU.Build.0 = Debug|Any CPU
		{00B76CDB-3568-4E03-B3E7-E2883B0FD202}.Release|Any CPU.ActiveCfg = Release|Any CPU
		{00B76CDB-3568-4E03-B3E7-E2883B0FD202}.Release|Any CPU.Build.0 = Release|Any CPU
		{C32EF7BB-7918-468A-8E2D-C18C9B58AA89}.Debug|Any CPU.ActiveCfg = Debug|Any CPU
		{C32EF7BB-7918-468A-8E2D-C18C9B58AA89}.Debug|Any CPU.Build.0 = Debug|Any CPU
		{C32EF7BB-7918-468A-8E2D-C18C9B58AA89}.Release|Any CPU.ActiveCfg = Release|Any CPU
		{C32EF7BB-7918-468A-8E2D-C18C9B58AA89}.Release|Any CPU.Build.0 = Release|Any CPU
		{A6978BFA-894F-4188-AEED-E18BA21A31F5}.Debug|Any CPU.ActiveCfg = Debug|Any CPU
		{A6978BFA-894F-4188-AEED-E18BA21A31F5}.Debug|Any CPU.Build.0 = Debug|Any CPU
		{A6978BFA-894F-4188-AEED-E18BA21A31F5}.Release|Any CPU.ActiveCfg = Release|Any CPU
		{A6978BFA-894F-4188-AEED-E18BA21A31F5}.Release|Any CPU.Build.0 = Release|Any CPU
		{B88D8C8D-7010-447E-870B-EF677BCD827E}.Debug|Any CPU.ActiveCfg = Debug|Any CPU
		{B88D8C8D-7010-447E-870B-EF677BCD827E}.Debug|Any CPU.Build.0 = Debug|Any CPU
		{B88D8C8D-7010-447E-870B-EF677BCD827E}.Release|Any CPU.ActiveCfg = Release|Any CPU
		{B88D8C8D-7010-447E-870B-EF677BCD827E}.Release|Any CPU.Build.0 = Release|Any CPU
		{62A73241-EFA5-41F1-B848-DA85242DD1A9}.Debug|Any CPU.ActiveCfg = Debug|Any CPU
		{62A73241-EFA5-41F1-B848-DA85242DD1A9}.Debug|Any CPU.Build.0 = Debug|Any CPU
		{62A73241-EFA5-41F1-B848-DA85242DD1A9}.Release|Any CPU.ActiveCfg = Release|Any CPU
		{62A73241-EFA5-41F1-B848-DA85242DD1A9}.Release|Any CPU.Build.0 = Release|Any CPU
	EndGlobalSection
	GlobalSection(SolutionProperties) = preSolution
		HideSolutionNode = FALSE
	EndGlobalSection
EndGlobal
