
Microsoft Visual Studio Solution File, Format Version 12.00
# Visual Studio 2013
VisualStudioVersion = 12.0.21005.1
MinimumVisualStudioVersion = 10.0.40219.1
Project("{FAE04EC0-301F-11D3-BF4B-00C04F79EFBC}") = "Task-2", "Task-1\Task-2.csproj", "{0BE4F3C1-B8EA-4277-AB46-C8811FEEBD63}"
EndProject
Project("{FAE04EC0-301F-11D3-BF4B-00C04F79EFBC}") = "Task-3", "Task-3\Task-3.csproj", "{DBCDDCDD-1931-4101-8CAE-7A619AF2C108}"
EndProject
Project("{FAE04EC0-301F-11D3-BF4B-00C04F79EFBC}") = "Task-4", "Task-4\Task-4.csproj", "{1F6D605A-66FA-47C7-8861-6FC8DEBFF145}"
EndProject
Project("{FAE04EC0-301F-11D3-BF4B-00C04F79EFBC}") = "Task-5", "Task-5\Task-5.csproj", "{B09BD1BF-3367-4DB2-B815-1E2EBA422C82}"
EndProject
Project("{FAE04EC0-301F-11D3-BF4B-00C04F79EFBC}") = "Task-6", "Task-6\Task-6.csproj", "{456D8BCF-78F2-4562-850A-8E2A40A16B2F}"
EndProject
Project("{FAE04EC0-301F-11D3-BF4B-00C04F79EFBC}") = "Task-7", "Task-7\Task-7.csproj", "{7071AF99-B967-448B-8465-F2FB320590A6}"
EndProject
Project("{FAE04EC0-301F-11D3-BF4B-00C04F79EFBC}") = "Task-8", "Task-8\Task-8.csproj", "{8201671B-6A85-4DB0-949B-CDCF325F72A8}"
EndProject
Project("{FAE04EC0-301F-11D3-BF4B-00C04F79EFBC}") = "Task-9", "Task-9\Task-9.csproj", "{8E910FD1-8D03-45B8-92AC-C5A7699D58D3}"
EndProject
Project("{FAE04EC0-301F-11D3-BF4B-00C04F79EFBC}") = "Task-10", "Task-10\Task-10.csproj", "{25CAB2D1-E32B-400E-81C0-8244BB3EC60C}"
EndProject
Project("{FAE04EC0-301F-11D3-BF4B-00C04F79EFBC}") = "Task-11", "Task-11\Task-11.csproj", "{D49609D3-138D-44D2-A91A-285C93B78E6A}"
EndProject
Project("{FAE04EC0-301F-11D3-BF4B-00C04F79EFBC}") = "Task-12", "Task-12\Task-12.csproj", "{12C05C6B-A345-4DB9-8267-59F1020BBE0A}"
EndProject
Project("{FAE04EC0-301F-11D3-BF4B-00C04F79EFBC}") = "Task-13", "Task-13\Task-13.csproj", "{53EB946C-B020-4D7F-9F66-C3400210238F}"
EndProject
Project("{FAE04EC0-301F-11D3-BF4B-00C04F79EFBC}") = "Task-14", "Task-14\Task-14.csproj", "{2B946659-192C-484B-8D9A-AC1309885B25}"
EndProject
Project("{FAE04EC0-301F-11D3-BF4B-00C04F79EFBC}") = "Task-15", "Task-15\Task-15.csproj", "{169EE0BE-4424-4F01-A9B6-18FB2DFB15C5}"
EndProject
Project("{FAE04EC0-301F-11D3-BF4B-00C04F79EFBC}") = "Task-16", "Task-16\Task-16.csproj", "{55E07D52-8F01-4B7D-A6CF-5CA864BBCB8E}"
EndProject
Project("{FAE04EC0-301F-11D3-BF4B-00C04F79EFBC}") = "Task-17", "Task-17\Task-17.csproj", "{E7821D8B-71C1-4AAA-830A-A615C9907EE9}"
EndProject
Project("{FAE04EC0-301F-11D3-BF4B-00C04F79EFBC}") = "Task-18", "Task-18\Task-18.csproj", "{40332700-2A99-496A-9EF1-32201B44FE90}"
EndProject
Project("{FAE04EC0-301F-11D3-BF4B-00C04F79EFBC}") = "Task-19", "Task-19\Task-19.csproj", "{EE8F3B55-9572-43AD-B570-7FE67B7F0030}"
EndProject
Project("{FAE04EC0-301F-11D3-BF4B-00C04F79EFBC}") = "Task-20", "Task-20\Task-20.csproj", "{D40320B0-89A4-451E-B478-7FB7042F3907}"
EndProject
Project("{FAE04EC0-301F-11D3-BF4B-00C04F79EFBC}") = "Task-21", "Task-21\Task-21.csproj", "{35D95D8E-B8E1-4738-9E8D-DA2B37CB2BE0}"
EndProject
Project("{FAE04EC0-301F-11D3-BF4B-00C04F79EFBC}") = "Task-22", "Task-22\Task-22.csproj", "{5B4855BB-B003-43EA-854B-BA60C3E2AD22}"
EndProject
Project("{FAE04EC0-301F-11D3-BF4B-00C04F79EFBC}") = "Task-23", "Task-23\Task-23.csproj", "{9D1EABA5-3DA3-43D0-9CB8-BCDEE4AB721E}"
EndProject
Project("{FAE04EC0-301F-11D3-BF4B-00C04F79EFBC}") = "Task-24", "Task-24\Task-24.csproj", "{038A5301-7ACE-4282-9BD3-1E40205F52F6}"
EndProject
Project("{FAE04EC0-301F-11D3-BF4B-00C04F79EFBC}") = "Task-25", "Task-25\Task-25.csproj", "{A3524FCD-D0EB-4A06-96D2-9A53D4DBF584}"
EndProject
Global
	GlobalSection(SolutionConfigurationPlatforms) = preSolution
		Debug|Any CPU = Debug|Any CPU
		Release|Any CPU = Release|Any CPU
	EndGlobalSection
	GlobalSection(ProjectConfigurationPlatforms) = postSolution
		{0BE4F3C1-B8EA-4277-AB46-C8811FEEBD63}.Debug|Any CPU.ActiveCfg = Debug|Any CPU
		{0BE4F3C1-B8EA-4277-AB46-C8811FEEBD63}.Debug|Any CPU.Build.0 = Debug|Any CPU
		{0BE4F3C1-B8EA-4277-AB46-C8811FEEBD63}.Release|Any CPU.ActiveCfg = Release|Any CPU
		{0BE4F3C1-B8EA-4277-AB46-C8811FEEBD63}.Release|Any CPU.Build.0 = Release|Any CPU
		{DBCDDCDD-1931-4101-8CAE-7A619AF2C108}.Debug|Any CPU.ActiveCfg = Debug|Any CPU
		{DBCDDCDD-1931-4101-8CAE-7A619AF2C108}.Debug|Any CPU.Build.0 = Debug|Any CPU
		{DBCDDCDD-1931-4101-8CAE-7A619AF2C108}.Release|Any CPU.ActiveCfg = Release|Any CPU
		{DBCDDCDD-1931-4101-8CAE-7A619AF2C108}.Release|Any CPU.Build.0 = Release|Any CPU
		{1F6D605A-66FA-47C7-8861-6FC8DEBFF145}.Debug|Any CPU.ActiveCfg = Debug|Any CPU
		{1F6D605A-66FA-47C7-8861-6FC8DEBFF145}.Debug|Any CPU.Build.0 = Debug|Any CPU
		{1F6D605A-66FA-47C7-8861-6FC8DEBFF145}.Release|Any CPU.ActiveCfg = Release|Any CPU
		{1F6D605A-66FA-47C7-8861-6FC8DEBFF145}.Release|Any CPU.Build.0 = Release|Any CPU
		{B09BD1BF-3367-4DB2-B815-1E2EBA422C82}.Debug|Any CPU.ActiveCfg = Debug|Any CPU
		{B09BD1BF-3367-4DB2-B815-1E2EBA422C82}.Debug|Any CPU.Build.0 = Debug|Any CPU
		{B09BD1BF-3367-4DB2-B815-1E2EBA422C82}.Release|Any CPU.ActiveCfg = Release|Any CPU
		{B09BD1BF-3367-4DB2-B815-1E2EBA422C82}.Release|Any CPU.Build.0 = Release|Any CPU
		{456D8BCF-78F2-4562-850A-8E2A40A16B2F}.Debug|Any CPU.ActiveCfg = Debug|Any CPU
		{456D8BCF-78F2-4562-850A-8E2A40A16B2F}.Debug|Any CPU.Build.0 = Debug|Any CPU
		{456D8BCF-78F2-4562-850A-8E2A40A16B2F}.Release|Any CPU.ActiveCfg = Release|Any CPU
		{456D8BCF-78F2-4562-850A-8E2A40A16B2F}.Release|Any CPU.Build.0 = Release|Any CPU
		{7071AF99-B967-448B-8465-F2FB320590A6}.Debug|Any CPU.ActiveCfg = Debug|Any CPU
		{7071AF99-B967-448B-8465-F2FB320590A6}.Debug|Any CPU.Build.0 = Debug|Any CPU
		{7071AF99-B967-448B-8465-F2FB320590A6}.Release|Any CPU.ActiveCfg = Release|Any CPU
		{7071AF99-B967-448B-8465-F2FB320590A6}.Release|Any CPU.Build.0 = Release|Any CPU
		{8201671B-6A85-4DB0-949B-CDCF325F72A8}.Debug|Any CPU.ActiveCfg = Debug|Any CPU
		{8201671B-6A85-4DB0-949B-CDCF325F72A8}.Debug|Any CPU.Build.0 = Debug|Any CPU
		{8201671B-6A85-4DB0-949B-CDCF325F72A8}.Release|Any CPU.ActiveCfg = Release|Any CPU
		{8201671B-6A85-4DB0-949B-CDCF325F72A8}.Release|Any CPU.Build.0 = Release|Any CPU
		{8E910FD1-8D03-45B8-92AC-C5A7699D58D3}.Debug|Any CPU.ActiveCfg = Debug|Any CPU
		{8E910FD1-8D03-45B8-92AC-C5A7699D58D3}.Debug|Any CPU.Build.0 = Debug|Any CPU
		{8E910FD1-8D03-45B8-92AC-C5A7699D58D3}.Release|Any CPU.ActiveCfg = Release|Any CPU
		{8E910FD1-8D03-45B8-92AC-C5A7699D58D3}.Release|Any CPU.Build.0 = Release|Any CPU
		{25CAB2D1-E32B-400E-81C0-8244BB3EC60C}.Debug|Any CPU.ActiveCfg = Debug|Any CPU
		{25CAB2D1-E32B-400E-81C0-8244BB3EC60C}.Debug|Any CPU.Build.0 = Debug|Any CPU
		{25CAB2D1-E32B-400E-81C0-8244BB3EC60C}.Release|Any CPU.ActiveCfg = Release|Any CPU
		{25CAB2D1-E32B-400E-81C0-8244BB3EC60C}.Release|Any CPU.Build.0 = Release|Any CPU
		{D49609D3-138D-44D2-A91A-285C93B78E6A}.Debug|Any CPU.ActiveCfg = Debug|Any CPU
		{D49609D3-138D-44D2-A91A-285C93B78E6A}.Debug|Any CPU.Build.0 = Debug|Any CPU
		{D49609D3-138D-44D2-A91A-285C93B78E6A}.Release|Any CPU.ActiveCfg = Release|Any CPU
		{D49609D3-138D-44D2-A91A-285C93B78E6A}.Release|Any CPU.Build.0 = Release|Any CPU
		{12C05C6B-A345-4DB9-8267-59F1020BBE0A}.Debug|Any CPU.ActiveCfg = Debug|Any CPU
		{12C05C6B-A345-4DB9-8267-59F1020BBE0A}.Debug|Any CPU.Build.0 = Debug|Any CPU
		{12C05C6B-A345-4DB9-8267-59F1020BBE0A}.Release|Any CPU.ActiveCfg = Release|Any CPU
		{12C05C6B-A345-4DB9-8267-59F1020BBE0A}.Release|Any CPU.Build.0 = Release|Any CPU
		{53EB946C-B020-4D7F-9F66-C3400210238F}.Debug|Any CPU.ActiveCfg = Debug|Any CPU
		{53EB946C-B020-4D7F-9F66-C3400210238F}.Debug|Any CPU.Build.0 = Debug|Any CPU
		{53EB946C-B020-4D7F-9F66-C3400210238F}.Release|Any CPU.ActiveCfg = Release|Any CPU
		{53EB946C-B020-4D7F-9F66-C3400210238F}.Release|Any CPU.Build.0 = Release|Any CPU
		{2B946659-192C-484B-8D9A-AC1309885B25}.Debug|Any CPU.ActiveCfg = Debug|Any CPU
		{2B946659-192C-484B-8D9A-AC1309885B25}.Debug|Any CPU.Build.0 = Debug|Any CPU
		{2B946659-192C-484B-8D9A-AC1309885B25}.Release|Any CPU.ActiveCfg = Release|Any CPU
		{2B946659-192C-484B-8D9A-AC1309885B25}.Release|Any CPU.Build.0 = Release|Any CPU
		{169EE0BE-4424-4F01-A9B6-18FB2DFB15C5}.Debug|Any CPU.ActiveCfg = Debug|Any CPU
		{169EE0BE-4424-4F01-A9B6-18FB2DFB15C5}.Debug|Any CPU.Build.0 = Debug|Any CPU
		{169EE0BE-4424-4F01-A9B6-18FB2DFB15C5}.Release|Any CPU.ActiveCfg = Release|Any CPU
		{169EE0BE-4424-4F01-A9B6-18FB2DFB15C5}.Release|Any CPU.Build.0 = Release|Any CPU
		{55E07D52-8F01-4B7D-A6CF-5CA864BBCB8E}.Debug|Any CPU.ActiveCfg = Debug|Any CPU
		{55E07D52-8F01-4B7D-A6CF-5CA864BBCB8E}.Debug|Any CPU.Build.0 = Debug|Any CPU
		{55E07D52-8F01-4B7D-A6CF-5CA864BBCB8E}.Release|Any CPU.ActiveCfg = Release|Any CPU
		{55E07D52-8F01-4B7D-A6CF-5CA864BBCB8E}.Release|Any CPU.Build.0 = Release|Any CPU
		{E7821D8B-71C1-4AAA-830A-A615C9907EE9}.Debug|Any CPU.ActiveCfg = Debug|Any CPU
		{E7821D8B-71C1-4AAA-830A-A615C9907EE9}.Debug|Any CPU.Build.0 = Debug|Any CPU
		{E7821D8B-71C1-4AAA-830A-A615C9907EE9}.Release|Any CPU.ActiveCfg = Release|Any CPU
		{E7821D8B-71C1-4AAA-830A-A615C9907EE9}.Release|Any CPU.Build.0 = Release|Any CPU
		{40332700-2A99-496A-9EF1-32201B44FE90}.Debug|Any CPU.ActiveCfg = Debug|Any CPU
		{40332700-2A99-496A-9EF1-32201B44FE90}.Debug|Any CPU.Build.0 = Debug|Any CPU
		{40332700-2A99-496A-9EF1-32201B44FE90}.Release|Any CPU.ActiveCfg = Release|Any CPU
		{40332700-2A99-496A-9EF1-32201B44FE90}.Release|Any CPU.Build.0 = Release|Any CPU
		{EE8F3B55-9572-43AD-B570-7FE67B7F0030}.Debug|Any CPU.ActiveCfg = Debug|Any CPU
		{EE8F3B55-9572-43AD-B570-7FE67B7F0030}.Debug|Any CPU.Build.0 = Debug|Any CPU
		{EE8F3B55-9572-43AD-B570-7FE67B7F0030}.Release|Any CPU.ActiveCfg = Release|Any CPU
		{EE8F3B55-9572-43AD-B570-7FE67B7F0030}.Release|Any CPU.Build.0 = Release|Any CPU
		{D40320B0-89A4-451E-B478-7FB7042F3907}.Debug|Any CPU.ActiveCfg = Debug|Any CPU
		{D40320B0-89A4-451E-B478-7FB7042F3907}.Debug|Any CPU.Build.0 = Debug|Any CPU
		{D40320B0-89A4-451E-B478-7FB7042F3907}.Release|Any CPU.ActiveCfg = Release|Any CPU
		{D40320B0-89A4-451E-B478-7FB7042F3907}.Release|Any CPU.Build.0 = Release|Any CPU
		{35D95D8E-B8E1-4738-9E8D-DA2B37CB2BE0}.Debug|Any CPU.ActiveCfg = Debug|Any CPU
		{35D95D8E-B8E1-4738-9E8D-DA2B37CB2BE0}.Debug|Any CPU.Build.0 = Debug|Any CPU
		{35D95D8E-B8E1-4738-9E8D-DA2B37CB2BE0}.Release|Any CPU.ActiveCfg = Release|Any CPU
		{35D95D8E-B8E1-4738-9E8D-DA2B37CB2BE0}.Release|Any CPU.Build.0 = Release|Any CPU
		{5B4855BB-B003-43EA-854B-BA60C3E2AD22}.Debug|Any CPU.ActiveCfg = Debug|Any CPU
		{5B4855BB-B003-43EA-854B-BA60C3E2AD22}.Debug|Any CPU.Build.0 = Debug|Any CPU
		{5B4855BB-B003-43EA-854B-BA60C3E2AD22}.Release|Any CPU.ActiveCfg = Release|Any CPU
		{5B4855BB-B003-43EA-854B-BA60C3E2AD22}.Release|Any CPU.Build.0 = Release|Any CPU
		{9D1EABA5-3DA3-43D0-9CB8-BCDEE4AB721E}.Debug|Any CPU.ActiveCfg = Debug|Any CPU
		{9D1EABA5-3DA3-43D0-9CB8-BCDEE4AB721E}.Debug|Any CPU.Build.0 = Debug|Any CPU
		{9D1EABA5-3DA3-43D0-9CB8-BCDEE4AB721E}.Release|Any CPU.ActiveCfg = Release|Any CPU
		{9D1EABA5-3DA3-43D0-9CB8-BCDEE4AB721E}.Release|Any CPU.Build.0 = Release|Any CPU
		{038A5301-7ACE-4282-9BD3-1E40205F52F6}.Debug|Any CPU.ActiveCfg = Debug|Any CPU
		{038A5301-7ACE-4282-9BD3-1E40205F52F6}.Debug|Any CPU.Build.0 = Debug|Any CPU
		{038A5301-7ACE-4282-9BD3-1E40205F52F6}.Release|Any CPU.ActiveCfg = Release|Any CPU
		{038A5301-7ACE-4282-9BD3-1E40205F52F6}.Release|Any CPU.Build.0 = Release|Any CPU
		{A3524FCD-D0EB-4A06-96D2-9A53D4DBF584}.Debug|Any CPU.ActiveCfg = Debug|Any CPU
		{A3524FCD-D0EB-4A06-96D2-9A53D4DBF584}.Debug|Any CPU.Build.0 = Debug|Any CPU
		{A3524FCD-D0EB-4A06-96D2-9A53D4DBF584}.Release|Any CPU.ActiveCfg = Release|Any CPU
		{A3524FCD-D0EB-4A06-96D2-9A53D4DBF584}.Release|Any CPU.Build.0 = Release|Any CPU
	EndGlobalSection
	GlobalSection(SolutionProperties) = preSolution
		HideSolutionNode = FALSE
	EndGlobalSection
EndGlobal
